{
  "_readme": [
    "This file locks the dependencies of your project to a known state",
    "Read more about it at https://getcomposer.org/doc/01-basic-usage.md#installing-dependencies",
    "This file is @generated automatically"
  ],
  "content-hash": "34ddb9c29abb24f7ca5f513b3703df70",
  "packages": [
    {
      "name": "kornyellow/kornyellow-lib",
      "version": "dev-main",
      "dist": {
        "type": "path",
        "url": "/home/kornyellow/Repos/kornyellow-lib",
        "reference": "62eb1112e1987680d4a22c760028bd9d948c4c77"
      },
      "require": {
        "ext-ftp": "*",
        "ext-mysqli": "*",
        "php": "^8.1"
      },
      "type": "library",
      "autoload": {
        "psr-4": {
          "KornyellowLib\\": "src"
        }
      },
      "license": [
        "MIT"
      ],
      "authors": [
        {
          "name": "kornyellow",
          "email": "kornkubzaza@gmail.com"
        }
      ],
      "description": "Little KornYellow framework for easier making money",
      "transport-options": {
        "relative": false
      }
    }
  ],
  "packages-dev": [],
  "aliases": [],
  "minimum-stability": "stable",
  "stability-flags": {
    "kornyellow/kornyellow-lib": 20
  },
  "prefer-stable": false,
  "prefer-lowest": false,
  "platform": {
    "php": "^8.1"
  },
  "platform-dev": [],
  "plugin-api-version": "2.3.0"
}
